
Microsoft Visual Studio Solution File, Format Version 12.00
# Visual Studio Version 16
VisualStudioVersion = 16.0.31515.178
MinimumVisualStudioVersion = 10.0.40219.1
Project("{FAE04EC0-301F-11D3-BF4B-00C04F79EFBC}") = "ConsoleApp1", "ConsoleApp1\ConsoleApp1.csproj", "{8C6EFAC2-76C6-4679-A57C-BDD32C1314D0}"
EndProject
Global
	GlobalSection(SolutionConfigurationPlatforms) = preSolution
		Debug|Any CPU = Debug|Any CPU
		Release|Any CPU = Release|Any CPU
	EndGlobalSection
	GlobalSection(ProjectConfigurationPlatforms) = postSolution
		{8C6EFAC2-76C6-4679-A57C-BDD32C1314D0}.Debug|Any CPU.ActiveCfg = Debug|Any CPU
		{8C6EFAC2-76C6-4679-A57C-BDD32C1314D0}.Debug|Any CPU.Build.0 = Debug|Any CPU
		{8C6EFAC2-76C6-4679-A57C-BDD32C1314D0}.Release|Any CPU.ActiveCfg = Release|Any CPU
		{8C6EFAC2-76C6-4679-A57C-BDD32C1314D0}.Release|Any CPU.Build.0 = Release|Any CPU
	EndGlobalSection
	GlobalSection(SolutionProperties) = preSolution
		HideSolutionNode = FALSE
	EndGlobalSection
	GlobalSection(ExtensibilityGlobals) = postSolution
		SolutionGuid = {5E8D8ACB-99DB-4FB8-BB20-41482C12FCDA}
	EndGlobalSection
EndGlobal
